
Microsoft Visual Studio Solution File, Format Version 12.00
# Visual Studio 15
VisualStudioVersion = 15.0.28010.2046
MinimumVisualStudioVersion = 10.0.40219.1
Project("{FAE04EC0-301F-11D3-BF4B-00C04F79EFBC}") = "PInvoke.Desktop", "PInvoke.Desktop\PInvoke.Desktop.csproj", "{5A11B90C-A323-4DBA-84CD-52D446F6D9E0}"
EndProject
Project("{D954291E-2A0B-460D-934E-DC6B0785DB48}") = "PInvoke.Shared", "PInvoke.Shared\PInvoke.Shared.shproj", "{58F691FD-26D6-4F7C-B639-A1C192114A56}"
EndProject
Project("{FAE04EC0-301F-11D3-BF4B-00C04F79EFBC}") = "PInvokeSamples.Console", "PInvokeSamples.Console\PInvokeSamples.Console.csproj", "{14068A26-2B7E-42B6-B4BB-BB73673D90FC}"
EndProject
Global
	GlobalSection(SharedMSBuildProjectFiles) = preSolution
		PInvoke.Shared\PInvoke.Shared.projitems*{58f691fd-26d6-4f7c-b639-a1c192114a56}*SharedItemsImports = 13
		PInvoke.Shared\PInvoke.Shared.projitems*{5a11b90c-a323-4dba-84cd-52d446f6d9e0}*SharedItemsImports = 4
	EndGlobalSection
	GlobalSection(SolutionConfigurationPlatforms) = preSolution
		Debug|Any CPU = Debug|Any CPU
		Release|Any CPU = Release|Any CPU
	EndGlobalSection
	GlobalSection(ProjectConfigurationPlatforms) = postSolution
		{5A11B90C-A323-4DBA-84CD-52D446F6D9E0}.Debug|Any CPU.ActiveCfg = Debug|Any CPU
		{5A11B90C-A323-4DBA-84CD-52D446F6D9E0}.Debug|Any CPU.Build.0 = Debug|Any CPU
		{5A11B90C-A323-4DBA-84CD-52D446F6D9E0}.Release|Any CPU.ActiveCfg = Release|Any CPU
		{5A11B90C-A323-4DBA-84CD-52D446F6D9E0}.Release|Any CPU.Build.0 = Release|Any CPU
		{14068A26-2B7E-42B6-B4BB-BB73673D90FC}.Debug|Any CPU.ActiveCfg = Debug|Any CPU
		{14068A26-2B7E-42B6-B4BB-BB73673D90FC}.Debug|Any CPU.Build.0 = Debug|Any CPU
		{14068A26-2B7E-42B6-B4BB-BB73673D90FC}.Release|Any CPU.ActiveCfg = Release|Any CPU
		{14068A26-2B7E-42B6-B4BB-BB73673D90FC}.Release|Any CPU.Build.0 = Release|Any CPU
	EndGlobalSection
	GlobalSection(SolutionProperties) = preSolution
		HideSolutionNode = FALSE
	EndGlobalSection
	GlobalSection(ExtensibilityGlobals) = postSolution
		SolutionGuid = {8EE51312-839F-4927-A248-3E0E21E4E61E}
	EndGlobalSection
EndGlobal
